
Microsoft Visual Studio Solution File, Format Version 12.00
# Visual Studio Version 17
VisualStudioVersion = 17.8.34330.188
MinimumVisualStudioVersion = 10.0.40219.1
Project("{9A19103F-16F7-4668-BE54-9A1E7A4F7556}") = "SandTools", "SandTools.csproj", "{61A01FB8-834D-4431-AE40-A3F5376FBCC9}"
EndProject
Global
	GlobalSection(SolutionConfigurationPlatforms) = preSolution
		Debug|Any CPU = Debug|Any CPU
		Release|Any CPU = Release|Any CPU
	EndGlobalSection
	GlobalSection(ProjectConfigurationPlatforms) = postSolution
		{61A01FB8-834D-4431-AE40-A3F5376FBCC9}.Debug|Any CPU.ActiveCfg = Debug|Any CPU
		{61A01FB8-834D-4431-AE40-A3F5376FBCC9}.Debug|Any CPU.Build.0 = Debug|Any CPU
		{61A01FB8-834D-4431-AE40-A3F5376FBCC9}.Release|Any CPU.ActiveCfg = Release|Any CPU
		{61A01FB8-834D-4431-AE40-A3F5376FBCC9}.Release|Any CPU.Build.0 = Release|Any CPU
	EndGlobalSection
	GlobalSection(SolutionProperties) = preSolution
		HideSolutionNode = FALSE
	EndGlobalSection
	GlobalSection(ExtensibilityGlobals) = postSolution
		SolutionGuid = {CCB6E1B1-DB26-4729-BFB5-DF4153C5D491}
	EndGlobalSection
EndGlobal
